// !$*UTF8*$!
{
	archiveVersion = 1;
	classes = {
	};
	objectVersion = 56;
	objects = {

/* Begin PBXBuildFile section */
		FA01249C2BDE150800A1C13C /* MovieListModel.xcdatamodeld in Sources */ = {isa = PBXBuildFile; fileRef = FA01249A2BDE150800A1C13C /* MovieListModel.xcdatamodeld */; };
		FA01249F2BDEBDAB00A1C13C /* CDMovie+helper.swift in Sources */ = {isa = PBXBuildFile; fileRef = FA01249E2BDEBDAB00A1C13C /* CDMovie+helper.swift */; };
		FA0124A12BDEC1B500A1C13C /* PersistenceController.swift in Sources */ = {isa = PBXBuildFile; fileRef = FA0124A02BDEC1B500A1C13C /* PersistenceController.swift */; };
		FA0124A32BDECC4B00A1C13C /* CDMovieList+helper.swift in Sources */ = {isa = PBXBuildFile; fileRef = FA0124A22BDECC4B00A1C13C /* CDMovieList+helper.swift */; };
		FA0124A52BDEDBB700A1C13C /* NSPredicate+helper.swift in Sources */ = {isa = PBXBuildFile; fileRef = FA0124A42BDEDBB700A1C13C /* NSPredicate+helper.swift */; };
		FA096BC12D5D5D5E004FDFE8 /* SetRankView.swift in Sources */ = {isa = PBXBuildFile; fileRef = FA096BC02D5D5D5E004FDFE8 /* SetRankView.swift */; };
		FA096BC32D5D97C3004FDFE8 /* UserSettingsView.swift in Sources */ = {isa = PBXBuildFile; fileRef = FA096BC22D5D97C3004FDFE8 /* UserSettingsView.swift */; };
		FA10A9E0296A755800FDF445 /* Movie_ListApp.swift in Sources */ = {isa = PBXBuildFile; fileRef = FA10A9DF296A755800FDF445 /* Movie_ListApp.swift */; };
		FA10A9E2296A755800FDF445 /* ContentView.swift in Sources */ = {isa = PBXBuildFile; fileRef = FA10A9E1296A755800FDF445 /* ContentView.swift */; };
		FA10A9E4296A755900FDF445 /* Assets.xcassets in Resources */ = {isa = PBXBuildFile; fileRef = FA10A9E3296A755900FDF445 /* Assets.xcassets */; };
		FA10A9E7296A755900FDF445 /* Preview Assets.xcassets in Resources */ = {isa = PBXBuildFile; fileRef = FA10A9E6296A755900FDF445 /* Preview Assets.xcassets */; };
		FA2609A22D599679000A692D /* APIService.swift in Sources */ = {isa = PBXBuildFile; fileRef = FA2609A12D599679000A692D /* APIService.swift */; };
		FA48CE962BDE07BB007FEA8B /* HomeViewModel.swift in Sources */ = {isa = PBXBuildFile; fileRef = FA48CE952BDE07BB007FEA8B /* HomeViewModel.swift */; };
		FA48CE982BDE07E9007FEA8B /* ListViewModel.swift in Sources */ = {isa = PBXBuildFile; fileRef = FA48CE972BDE07E9007FEA8B /* ListViewModel.swift */; };
		FA6F64C929F88B6E00B418DB /* NetworkService.swift in Sources */ = {isa = PBXBuildFile; fileRef = FA6F64C829F88B6E00B418DB /* NetworkService.swift */; };
		FA84E7EB2BDDFA0F00736361 /* Movie.swift in Sources */ = {isa = PBXBuildFile; fileRef = FA84E7EA2BDDFA0F00736361 /* Movie.swift */; };
		FAD23A752D52011600EACB94 /* MovieCard.swift in Sources */ = {isa = PBXBuildFile; fileRef = FAD23A742D52011600EACB94 /* MovieCard.swift */; };
		FAE62ECC2970BAEA000654E1 /* Home.swift in Sources */ = {isa = PBXBuildFile; fileRef = FAE62ECB2970BAEA000654E1 /* Home.swift */; };
		FAE62ECE2970BBE9000654E1 /* Extensions.swift in Sources */ = {isa = PBXBuildFile; fileRef = FAE62ECD2970BBE9000654E1 /* Extensions.swift */; };
		FAE62ED02970CF5A000654E1 /* List.swift in Sources */ = {isa = PBXBuildFile; fileRef = FAE62ECF2970CF5A000654E1 /* List.swift */; };
		FAE62ED22970D545000654E1 /* CompareMovieView.swift in Sources */ = {isa = PBXBuildFile; fileRef = FAE62ED12970D545000654E1 /* CompareMovieView.swift */; };
		FAE62ED42970D5C5000654E1 /* AddMovieView.swift in Sources */ = {isa = PBXBuildFile; fileRef = FAE62ED32970D5C5000654E1 /* AddMovieView.swift */; };
		FAE62F3A2970E552000654E1 /* DatabaseService.swift in Sources */ = {isa = PBXBuildFile; fileRef = FAE62F392970E552000654E1 /* DatabaseService.swift */; };
		FAE949E92D547D0300592081 /* AccountView.swift in Sources */ = {isa = PBXBuildFile; fileRef = FAE949E82D547D0300592081 /* AccountView.swift */; };
		FAE949EB2D5480A200592081 /* SignUpView.swift in Sources */ = {isa = PBXBuildFile; fileRef = FAE949EA2D5480A200592081 /* SignUpView.swift */; };
		FAE949ED2D54828200592081 /* SignInView.swift in Sources */ = {isa = PBXBuildFile; fileRef = FAE949EC2D54828200592081 /* SignInView.swift */; };
		FAE949F12D55414F00592081 /* GoogleService-Info.plist in Resources */ = {isa = PBXBuildFile; fileRef = FAE949F02D55414F00592081 /* GoogleService-Info.plist */; };
		FAE949F62D5542AD00592081 /* FirebaseAnalytics in Frameworks */ = {isa = PBXBuildFile; productRef = FAE949F52D5542AD00592081 /* FirebaseAnalytics */; };
		FAE949F92D5549C900592081 /* GoogleSignIn in Frameworks */ = {isa = PBXBuildFile; productRef = FAE949F82D5549C900592081 /* GoogleSignIn */; };
		FAE949FB2D5549C900592081 /* GoogleSignInSwift in Frameworks */ = {isa = PBXBuildFile; productRef = FAE949FA2D5549C900592081 /* GoogleSignInSwift */; };
		FAE949FE2D554E3700592081 /* FirebaseAnalyticsOnDeviceConversion in Frameworks */ = {isa = PBXBuildFile; productRef = FAE949FD2D554E3700592081 /* FirebaseAnalyticsOnDeviceConversion */; };
		FAE94A002D554E3700592081 /* FirebaseAnalyticsWithoutAdIdSupport in Frameworks */ = {isa = PBXBuildFile; productRef = FAE949FF2D554E3700592081 /* FirebaseAnalyticsWithoutAdIdSupport */; };
		FAE94A022D554E3700592081 /* FirebaseAppCheck in Frameworks */ = {isa = PBXBuildFile; productRef = FAE94A012D554E3700592081 /* FirebaseAppCheck */; };
		FAE94A042D554E3700592081 /* FirebaseAppDistribution-Beta in Frameworks */ = {isa = PBXBuildFile; productRef = FAE94A032D554E3700592081 /* FirebaseAppDistribution-Beta */; };
		FAE94A062D554EBB00592081 /* FirebaseAuth in Frameworks */ = {isa = PBXBuildFile; productRef = FAE94A052D554EBB00592081 /* FirebaseAuth */; };
		FAE94A082D554FBC00592081 /* GoogleSignInButton.swift in Sources */ = {isa = PBXBuildFile; fileRef = FAE94A072D554FBC00592081 /* GoogleSignInButton.swift */; };
		FAE94A0C2D5561F900592081 /* AuthenticationViewModel.swift in Sources */ = {isa = PBXBuildFile; fileRef = FAE94A0B2D5561F900592081 /* AuthenticationViewModel.swift */; };
		FAE94A102D55639A00592081 /* FirebaseCore in Frameworks */ = {isa = PBXBuildFile; productRef = FAE94A0F2D55639A00592081 /* FirebaseCore */; };
		FAE94A162D55780000592081 /* AuthenticatedView.swift in Sources */ = {isa = PBXBuildFile; fileRef = FAE94A152D55780000592081 /* AuthenticatedView.swift */; };
		FAE94A182D55789F00592081 /* UserProfileView.swift in Sources */ = {isa = PBXBuildFile; fileRef = FAE94A172D55789F00592081 /* UserProfileView.swift */; };
		FAE9F51D2D30966100471C80 /* SQLite in Frameworks */ = {isa = PBXBuildFile; productRef = FAE9F51C2D30966100471C80 /* SQLite */; };
		FAFF24F62BE687A000C4F78D /* MovieRow.swift in Sources */ = {isa = PBXBuildFile; fileRef = FAFF24F52BE687A000C4F78D /* MovieRow.swift */; };
/* End PBXBuildFile section */

/* Begin PBXCopyFilesBuildPhase section */
		FAE62F382970E37D000654E1 /* Embed Frameworks */ = {
			isa = PBXCopyFilesBuildPhase;
			buildActionMask = 2147483647;
			dstPath = "";
			dstSubfolderSpec = 10;
			files = (
			);
			name = "Embed Frameworks";
			runOnlyForDeploymentPostprocessing = 0;
		};
/* End PBXCopyFilesBuildPhase section */

/* Begin PBXFileReference section */
		FA01249B2BDE150800A1C13C /* Movie.xcdatamodel */ = {isa = PBXFileReference; lastKnownFileType = wrapper.xcdatamodel; path = Movie.xcdatamodel; sourceTree = "<group>"; };
		FA01249E2BDEBDAB00A1C13C /* CDMovie+helper.swift */ = {isa = PBXFileReference; lastKnownFileType = sourcecode.swift; path = "CDMovie+helper.swift"; sourceTree = "<group>"; };
		FA0124A02BDEC1B500A1C13C /* PersistenceController.swift */ = {isa = PBXFileReference; lastKnownFileType = sourcecode.swift; path = PersistenceController.swift; sourceTree = "<group>"; };
		FA0124A22BDECC4B00A1C13C /* CDMovieList+helper.swift */ = {isa = PBXFileReference; lastKnownFileType = sourcecode.swift; path = "CDMovieList+helper.swift"; sourceTree = "<group>"; };
		FA0124A42BDEDBB700A1C13C /* NSPredicate+helper.swift */ = {isa = PBXFileReference; lastKnownFileType = sourcecode.swift; path = "NSPredicate+helper.swift"; sourceTree = "<group>"; };
		FA096BC02D5D5D5E004FDFE8 /* SetRankView.swift */ = {isa = PBXFileReference; lastKnownFileType = sourcecode.swift; path = SetRankView.swift; sourceTree = "<group>"; };
		FA096BC22D5D97C3004FDFE8 /* UserSettingsView.swift */ = {isa = PBXFileReference; lastKnownFileType = sourcecode.swift; path = UserSettingsView.swift; sourceTree = "<group>"; };
		FA10A9DC296A755800FDF445 /* Movie List.app */ = {isa = PBXFileReference; explicitFileType = wrapper.application; includeInIndex = 0; path = "Movie List.app"; sourceTree = BUILT_PRODUCTS_DIR; };
		FA10A9DF296A755800FDF445 /* Movie_ListApp.swift */ = {isa = PBXFileReference; lastKnownFileType = sourcecode.swift; path = Movie_ListApp.swift; sourceTree = "<group>"; };
		FA10A9E1296A755800FDF445 /* ContentView.swift */ = {isa = PBXFileReference; lastKnownFileType = sourcecode.swift; path = ContentView.swift; sourceTree = "<group>"; };
		FA10A9E3296A755900FDF445 /* Assets.xcassets */ = {isa = PBXFileReference; lastKnownFileType = folder.assetcatalog; path = Assets.xcassets; sourceTree = "<group>"; };
		FA10A9E6296A755900FDF445 /* Preview Assets.xcassets */ = {isa = PBXFileReference; lastKnownFileType = folder.assetcatalog; path = "Preview Assets.xcassets"; sourceTree = "<group>"; };
		FA2609A12D599679000A692D /* APIService.swift */ = {isa = PBXFileReference; lastKnownFileType = sourcecode.swift; path = APIService.swift; sourceTree = "<group>"; };
		FA48CE952BDE07BB007FEA8B /* HomeViewModel.swift */ = {isa = PBXFileReference; lastKnownFileType = sourcecode.swift; path = HomeViewModel.swift; sourceTree = "<group>"; };
		FA48CE972BDE07E9007FEA8B /* ListViewModel.swift */ = {isa = PBXFileReference; lastKnownFileType = sourcecode.swift; path = ListViewModel.swift; sourceTree = "<group>"; };
		FA6F64C829F88B6E00B418DB /* NetworkService.swift */ = {isa = PBXFileReference; lastKnownFileType = sourcecode.swift; path = NetworkService.swift; sourceTree = "<group>"; };
		FA84E7EA2BDDFA0F00736361 /* Movie.swift */ = {isa = PBXFileReference; lastKnownFileType = sourcecode.swift; path = Movie.swift; sourceTree = "<group>"; };
		FAD23A742D52011600EACB94 /* MovieCard.swift */ = {isa = PBXFileReference; lastKnownFileType = sourcecode.swift; path = MovieCard.swift; sourceTree = "<group>"; };
		FAE62ECB2970BAEA000654E1 /* Home.swift */ = {isa = PBXFileReference; lastKnownFileType = sourcecode.swift; path = Home.swift; sourceTree = "<group>"; };
		FAE62ECD2970BBE9000654E1 /* Extensions.swift */ = {isa = PBXFileReference; lastKnownFileType = sourcecode.swift; path = Extensions.swift; sourceTree = "<group>"; };
		FAE62ECF2970CF5A000654E1 /* List.swift */ = {isa = PBXFileReference; lastKnownFileType = sourcecode.swift; path = List.swift; sourceTree = "<group>"; };
		FAE62ED12970D545000654E1 /* CompareMovieView.swift */ = {isa = PBXFileReference; lastKnownFileType = sourcecode.swift; path = CompareMovieView.swift; sourceTree = "<group>"; };
		FAE62ED32970D5C5000654E1 /* AddMovieView.swift */ = {isa = PBXFileReference; lastKnownFileType = sourcecode.swift; path = AddMovieView.swift; sourceTree = "<group>"; };
		FAE62F392970E552000654E1 /* DatabaseService.swift */ = {isa = PBXFileReference; lastKnownFileType = sourcecode.swift; path = DatabaseService.swift; sourceTree = "<group>"; };
		FAE949E82D547D0300592081 /* AccountView.swift */ = {isa = PBXFileReference; lastKnownFileType = sourcecode.swift; path = AccountView.swift; sourceTree = "<group>"; };
		FAE949EA2D5480A200592081 /* SignUpView.swift */ = {isa = PBXFileReference; lastKnownFileType = sourcecode.swift; path = SignUpView.swift; sourceTree = "<group>"; };
		FAE949EC2D54828200592081 /* SignInView.swift */ = {isa = PBXFileReference; lastKnownFileType = sourcecode.swift; path = SignInView.swift; sourceTree = "<group>"; };
		FAE949F02D55414F00592081 /* GoogleService-Info.plist */ = {isa = PBXFileReference; fileEncoding = 4; lastKnownFileType = text.plist.xml; path = "GoogleService-Info.plist"; sourceTree = "<group>"; };
		FAE949FC2D554A9200592081 /* Movie-List-Info.plist */ = {isa = PBXFileReference; lastKnownFileType = text.plist; path = "Movie-List-Info.plist"; sourceTree = SOURCE_ROOT; };
		FAE94A072D554FBC00592081 /* GoogleSignInButton.swift */ = {isa = PBXFileReference; lastKnownFileType = sourcecode.swift; path = GoogleSignInButton.swift; sourceTree = "<group>"; };
		FAE94A0B2D5561F900592081 /* AuthenticationViewModel.swift */ = {isa = PBXFileReference; lastKnownFileType = sourcecode.swift; path = AuthenticationViewModel.swift; sourceTree = "<group>"; };
		FAE94A152D55780000592081 /* AuthenticatedView.swift */ = {isa = PBXFileReference; lastKnownFileType = sourcecode.swift; path = AuthenticatedView.swift; sourceTree = "<group>"; };
		FAE94A172D55789F00592081 /* UserProfileView.swift */ = {isa = PBXFileReference; lastKnownFileType = sourcecode.swift; path = UserProfileView.swift; sourceTree = "<group>"; };
		FAFF24F52BE687A000C4F78D /* MovieRow.swift */ = {isa = PBXFileReference; lastKnownFileType = sourcecode.swift; path = MovieRow.swift; sourceTree = "<group>"; };
/* End PBXFileReference section */

/* Begin PBXFrameworksBuildPhase section */
		FA10A9D9296A755800FDF445 /* Frameworks */ = {
			isa = PBXFrameworksBuildPhase;
			buildActionMask = 2147483647;
			files = (
				FAE949F62D5542AD00592081 /* FirebaseAnalytics in Frameworks */,
				FAE94A002D554E3700592081 /* FirebaseAnalyticsWithoutAdIdSupport in Frameworks */,
				FAE9F51D2D30966100471C80 /* SQLite in Frameworks */,
				FAE949FE2D554E3700592081 /* FirebaseAnalyticsOnDeviceConversion in Frameworks */,
				FAE94A062D554EBB00592081 /* FirebaseAuth in Frameworks */,
				FAE94A022D554E3700592081 /* FirebaseAppCheck in Frameworks */,
				FAE94A102D55639A00592081 /* FirebaseCore in Frameworks */,
				FAE949F92D5549C900592081 /* GoogleSignIn in Frameworks */,
				FAE949FB2D5549C900592081 /* GoogleSignInSwift in Frameworks */,
				FAE94A042D554E3700592081 /* FirebaseAppDistribution-Beta in Frameworks */,
			);
			runOnlyForDeploymentPostprocessing = 0;
		};
/* End PBXFrameworksBuildPhase section */

/* Begin PBXGroup section */
		FA10A9D3296A755800FDF445 = {
			isa = PBXGroup;
			children = (
				FA10A9DE296A755800FDF445 /* Movie List */,
				FA10A9DD296A755800FDF445 /* Products */,
				FAE62F352970E37D000654E1 /* Frameworks */,
			);
			sourceTree = "<group>";
		};
		FA10A9DD296A755800FDF445 /* Products */ = {
			isa = PBXGroup;
			children = (
				FA10A9DC296A755800FDF445 /* Movie List.app */,
			);
			name = Products;
			sourceTree = "<group>";
		};
		FA10A9DE296A755800FDF445 /* Movie List */ = {
			isa = PBXGroup;
			children = (
				FAE949FC2D554A9200592081 /* Movie-List-Info.plist */,
				FAE949F02D55414F00592081 /* GoogleService-Info.plist */,
				FA01249A2BDE150800A1C13C /* MovieListModel.xcdatamodeld */,
				FAB23F3D2BDE06E300751519 /* Persistence */,
				FAB23F3C2BDE06CF00751519 /* Services */,
				FAB23F3B2BDE06C000751519 /* ViewModels */,
				FAE62ECA2970BAD4000654E1 /* Helpers */,
				FAE62EC92970BAC6000654E1 /* Models */,
				FAE62EC82970BAB6000654E1 /* Views */,
				FA10A9DF296A755800FDF445 /* Movie_ListApp.swift */,
				FA10A9E1296A755800FDF445 /* ContentView.swift */,
				FA10A9E3296A755900FDF445 /* Assets.xcassets */,
				FA10A9E5296A755900FDF445 /* Preview Content */,
			);
			path = "Movie List";
			sourceTree = "<group>";
		};
		FA10A9E5296A755900FDF445 /* Preview Content */ = {
			isa = PBXGroup;
			children = (
				FA10A9E6296A755900FDF445 /* Preview Assets.xcassets */,
			);
			path = "Preview Content";
			sourceTree = "<group>";
		};
		FAB23F3B2BDE06C000751519 /* ViewModels */ = {
			isa = PBXGroup;
			children = (
				FA48CE952BDE07BB007FEA8B /* HomeViewModel.swift */,
				FA48CE972BDE07E9007FEA8B /* ListViewModel.swift */,
				FAE94A0B2D5561F900592081 /* AuthenticationViewModel.swift */,
			);
			path = ViewModels;
			sourceTree = "<group>";
		};
		FAB23F3C2BDE06CF00751519 /* Services */ = {
			isa = PBXGroup;
			children = (
				FAE62F392970E552000654E1 /* DatabaseService.swift */,
				FA6F64C829F88B6E00B418DB /* NetworkService.swift */,
				FA2609A12D599679000A692D /* APIService.swift */,
			);
			path = Services;
			sourceTree = "<group>";
		};
		FAB23F3D2BDE06E300751519 /* Persistence */ = {
			isa = PBXGroup;
			children = (
				FA01249E2BDEBDAB00A1C13C /* CDMovie+helper.swift */,
				FA0124A02BDEC1B500A1C13C /* PersistenceController.swift */,
				FA0124A22BDECC4B00A1C13C /* CDMovieList+helper.swift */,
				FA0124A42BDEDBB700A1C13C /* NSPredicate+helper.swift */,
			);
			path = Persistence;
			sourceTree = "<group>";
		};
		FAE62EC82970BAB6000654E1 /* Views */ = {
			isa = PBXGroup;
			children = (
				FAE62ECB2970BAEA000654E1 /* Home.swift */,
				FAE62ECF2970CF5A000654E1 /* List.swift */,
				FAE62ED12970D545000654E1 /* CompareMovieView.swift */,
				FAE62ED32970D5C5000654E1 /* AddMovieView.swift */,
				FAFF24F52BE687A000C4F78D /* MovieRow.swift */,
				FAD23A742D52011600EACB94 /* MovieCard.swift */,
				FAE949E82D547D0300592081 /* AccountView.swift */,
				FAE949EA2D5480A200592081 /* SignUpView.swift */,
				FAE949EC2D54828200592081 /* SignInView.swift */,
				FAE94A072D554FBC00592081 /* GoogleSignInButton.swift */,
				FAE94A152D55780000592081 /* AuthenticatedView.swift */,
				FAE94A172D55789F00592081 /* UserProfileView.swift */,
				FA096BC02D5D5D5E004FDFE8 /* SetRankView.swift */,
				FA096BC22D5D97C3004FDFE8 /* UserSettingsView.swift */,
			);
			path = Views;
			sourceTree = "<group>";
		};
		FAE62EC92970BAC6000654E1 /* Models */ = {
			isa = PBXGroup;
			children = (
				FA84E7EA2BDDFA0F00736361 /* Movie.swift */,
			);
			path = Models;
			sourceTree = "<group>";
		};
		FAE62ECA2970BAD4000654E1 /* Helpers */ = {
			isa = PBXGroup;
			children = (
				FAE62ECD2970BBE9000654E1 /* Extensions.swift */,
			);
			path = Helpers;
			sourceTree = "<group>";
		};
		FAE62F352970E37D000654E1 /* Frameworks */ = {
			isa = PBXGroup;
			children = (
			);
			name = Frameworks;
			sourceTree = "<group>";
		};
/* End PBXGroup section */

/* Begin PBXNativeTarget section */
		FA10A9DB296A755800FDF445 /* Movie List */ = {
			isa = PBXNativeTarget;
			buildConfigurationList = FA10AA00296A755900FDF445 /* Build configuration list for PBXNativeTarget "Movie List" */;
			buildPhases = (
				FA10A9D8296A755800FDF445 /* Sources */,
				FA10A9D9296A755800FDF445 /* Frameworks */,
				FA10A9DA296A755800FDF445 /* Resources */,
				FAE62F382970E37D000654E1 /* Embed Frameworks */,
			);
			buildRules = (
			);
			dependencies = (
			);
			name = "Movie List";
			packageProductDependencies = (
				FAE9F51C2D30966100471C80 /* SQLite */,
				FAE949F52D5542AD00592081 /* FirebaseAnalytics */,
				FAE949F82D5549C900592081 /* GoogleSignIn */,
				FAE949FA2D5549C900592081 /* GoogleSignInSwift */,
				FAE949FD2D554E3700592081 /* FirebaseAnalyticsOnDeviceConversion */,
				FAE949FF2D554E3700592081 /* FirebaseAnalyticsWithoutAdIdSupport */,
				FAE94A012D554E3700592081 /* FirebaseAppCheck */,
				FAE94A032D554E3700592081 /* FirebaseAppDistribution-Beta */,
				FAE94A052D554EBB00592081 /* FirebaseAuth */,
				FAE94A0F2D55639A00592081 /* FirebaseCore */,
			);
			productName = "Movie List";
			productReference = FA10A9DC296A755800FDF445 /* Movie List.app */;
			productType = "com.apple.product-type.application";
		};
/* End PBXNativeTarget section */

/* Begin PBXProject section */
		FA10A9D4296A755800FDF445 /* Project object */ = {
			isa = PBXProject;
			attributes = {
				BuildIndependentTargetsInParallel = 1;
				LastSwiftUpdateCheck = 1420;
				LastUpgradeCheck = 1530;
				TargetAttributes = {
					FA10A9DB296A755800FDF445 = {
						CreatedOnToolsVersion = 14.2;
					};
				};
			};
			buildConfigurationList = FA10A9D7296A755800FDF445 /* Build configuration list for PBXProject "Movie List" */;
			compatibilityVersion = "Xcode 14.0";
			developmentRegion = en;
			hasScannedForEncodings = 0;
			knownRegions = (
				en,
				Base,
			);
			mainGroup = FA10A9D3296A755800FDF445;
			packageReferences = (
				FAE9F51B2D30964300471C80 /* XCRemoteSwiftPackageReference "SQLite" */,
				FAE949F42D5542AD00592081 /* XCRemoteSwiftPackageReference "firebase-ios-sdk" */,
				FAE949F72D5549C900592081 /* XCRemoteSwiftPackageReference "GoogleSignIn-iOS" */,
			);
			productRefGroup = FA10A9DD296A755800FDF445 /* Products */;
			projectDirPath = "";
			projectRoot = "";
			targets = (
				FA10A9DB296A755800FDF445 /* Movie List */,
			);
		};
/* End PBXProject section */

/* Begin PBXResourcesBuildPhase section */
		FA10A9DA296A755800FDF445 /* Resources */ = {
			isa = PBXResourcesBuildPhase;
			buildActionMask = 2147483647;
			files = (
				FA10A9E7296A755900FDF445 /* Preview Assets.xcassets in Resources */,
				FA10A9E4296A755900FDF445 /* Assets.xcassets in Resources */,
				FAE949F12D55414F00592081 /* GoogleService-Info.plist in Resources */,
			);
			runOnlyForDeploymentPostprocessing = 0;
		};
/* End PBXResourcesBuildPhase section */

/* Begin PBXSourcesBuildPhase section */
		FA10A9D8296A755800FDF445 /* Sources */ = {
			isa = PBXSourcesBuildPhase;
			buildActionMask = 2147483647;
			files = (
				FA0124A52BDEDBB700A1C13C /* NSPredicate+helper.swift in Sources */,
				FAD23A752D52011600EACB94 /* MovieCard.swift in Sources */,
				FA10A9E2296A755800FDF445 /* ContentView.swift in Sources */,
				FA096BC32D5D97C3004FDFE8 /* UserSettingsView.swift in Sources */,
				FA0124A32BDECC4B00A1C13C /* CDMovieList+helper.swift in Sources */,
				FAE94A082D554FBC00592081 /* GoogleSignInButton.swift in Sources */,
				FAE94A182D55789F00592081 /* UserProfileView.swift in Sources */,
				FAE94A162D55780000592081 /* AuthenticatedView.swift in Sources */,
				FA096BC12D5D5D5E004FDFE8 /* SetRankView.swift in Sources */,
				FA2609A22D599679000A692D /* APIService.swift in Sources */,
				FAE949E92D547D0300592081 /* AccountView.swift in Sources */,
				FA48CE962BDE07BB007FEA8B /* HomeViewModel.swift in Sources */,
				FAFF24F62BE687A000C4F78D /* MovieRow.swift in Sources */,
				FA48CE982BDE07E9007FEA8B /* ListViewModel.swift in Sources */,
				FAE62ED22970D545000654E1 /* CompareMovieView.swift in Sources */,
				FAE62ED42970D5C5000654E1 /* AddMovieView.swift in Sources */,
				FAE94A0C2D5561F900592081 /* AuthenticationViewModel.swift in Sources */,
				FAE949EB2D5480A200592081 /* SignUpView.swift in Sources */,
				FAE62ECC2970BAEA000654E1 /* Home.swift in Sources */,
				FA84E7EB2BDDFA0F00736361 /* Movie.swift in Sources */,
				FA10A9E0296A755800FDF445 /* Movie_ListApp.swift in Sources */,
				FA6F64C929F88B6E00B418DB /* NetworkService.swift in Sources */,
				FAE62ED02970CF5A000654E1 /* List.swift in Sources */,
				FAE62ECE2970BBE9000654E1 /* Extensions.swift in Sources */,
				FA01249F2BDEBDAB00A1C13C /* CDMovie+helper.swift in Sources */,
				FA01249C2BDE150800A1C13C /* MovieListModel.xcdatamodeld in Sources */,
				FAE62F3A2970E552000654E1 /* DatabaseService.swift in Sources */,
				FAE949ED2D54828200592081 /* SignInView.swift in Sources */,
				FA0124A12BDEC1B500A1C13C /* PersistenceController.swift in Sources */,
			);
			runOnlyForDeploymentPostprocessing = 0;
		};
/* End PBXSourcesBuildPhase section */

/* Begin XCBuildConfiguration section */
		FA10A9FE296A755900FDF445 /* Debug */ = {
			isa = XCBuildConfiguration;
			buildSettings = {
				ALWAYS_SEARCH_USER_PATHS = NO;
				CLANG_ANALYZER_NONNULL = YES;
				CLANG_ANALYZER_NUMBER_OBJECT_CONVERSION = YES_AGGRESSIVE;
				CLANG_CXX_LANGUAGE_STANDARD = "gnu++20";
				CLANG_ENABLE_MODULES = YES;
				CLANG_ENABLE_OBJC_ARC = YES;
				CLANG_ENABLE_OBJC_WEAK = YES;
				CLANG_WARN_BLOCK_CAPTURE_AUTORELEASING = YES;
				CLANG_WARN_BOOL_CONVERSION = YES;
				CLANG_WARN_COMMA = YES;
				CLANG_WARN_CONSTANT_CONVERSION = YES;
				CLANG_WARN_DEPRECATED_OBJC_IMPLEMENTATIONS = YES;
				CLANG_WARN_DIRECT_OBJC_ISA_USAGE = YES_ERROR;
				CLANG_WARN_DOCUMENTATION_COMMENTS = YES;
				CLANG_WARN_EMPTY_BODY = YES;
				CLANG_WARN_ENUM_CONVERSION = YES;
				CLANG_WARN_INFINITE_RECURSION = YES;
				CLANG_WARN_INT_CONVERSION = YES;
				CLANG_WARN_NON_LITERAL_NULL_CONVERSION = YES;
				CLANG_WARN_OBJC_IMPLICIT_RETAIN_SELF = YES;
				CLANG_WARN_OBJC_LITERAL_CONVERSION = YES;
				CLANG_WARN_OBJC_ROOT_CLASS = YES_ERROR;
				CLANG_WARN_QUOTED_INCLUDE_IN_FRAMEWORK_HEADER = YES;
				CLANG_WARN_RANGE_LOOP_ANALYSIS = YES;
				CLANG_WARN_STRICT_PROTOTYPES = YES;
				CLANG_WARN_SUSPICIOUS_MOVE = YES;
				CLANG_WARN_UNGUARDED_AVAILABILITY = YES_AGGRESSIVE;
				CLANG_WARN_UNREACHABLE_CODE = YES;
				CLANG_WARN__DUPLICATE_METHOD_MATCH = YES;
				COPY_PHASE_STRIP = NO;
				DEBUG_INFORMATION_FORMAT = dwarf;
				ENABLE_STRICT_OBJC_MSGSEND = YES;
				ENABLE_TESTABILITY = YES;
				ENABLE_USER_SCRIPT_SANDBOXING = YES;
				GCC_C_LANGUAGE_STANDARD = gnu11;
				GCC_DYNAMIC_NO_PIC = NO;
				GCC_NO_COMMON_BLOCKS = YES;
				GCC_OPTIMIZATION_LEVEL = 0;
				GCC_PREPROCESSOR_DEFINITIONS = (
					"DEBUG=1",
					"$(inherited)",
				);
				GCC_WARN_64_TO_32_BIT_CONVERSION = YES;
				GCC_WARN_ABOUT_RETURN_TYPE = YES_ERROR;
				GCC_WARN_UNDECLARED_SELECTOR = YES;
				GCC_WARN_UNINITIALIZED_AUTOS = YES_AGGRESSIVE;
				GCC_WARN_UNUSED_FUNCTION = YES;
				GCC_WARN_UNUSED_VARIABLE = YES;
				IPHONEOS_DEPLOYMENT_TARGET = 16.2;
				MTL_ENABLE_DEBUG_INFO = INCLUDE_SOURCE;
				MTL_FAST_MATH = YES;
				ONLY_ACTIVE_ARCH = YES;
				SDKROOT = iphoneos;
				SWIFT_ACTIVE_COMPILATION_CONDITIONS = DEBUG;
				SWIFT_OPTIMIZATION_LEVEL = "-Onone";
			};
			name = Debug;
		};
		FA10A9FF296A755900FDF445 /* Release */ = {
			isa = XCBuildConfiguration;
			buildSettings = {
				ALWAYS_SEARCH_USER_PATHS = NO;
				CLANG_ANALYZER_NONNULL = YES;
				CLANG_ANALYZER_NUMBER_OBJECT_CONVERSION = YES_AGGRESSIVE;
				CLANG_CXX_LANGUAGE_STANDARD = "gnu++20";
				CLANG_ENABLE_MODULES = YES;
				CLANG_ENABLE_OBJC_ARC = YES;
				CLANG_ENABLE_OBJC_WEAK = YES;
				CLANG_WARN_BLOCK_CAPTURE_AUTORELEASING = YES;
				CLANG_WARN_BOOL_CONVERSION = YES;
				CLANG_WARN_COMMA = YES;
				CLANG_WARN_CONSTANT_CONVERSION = YES;
				CLANG_WARN_DEPRECATED_OBJC_IMPLEMENTATIONS = YES;
				CLANG_WARN_DIRECT_OBJC_ISA_USAGE = YES_ERROR;
				CLANG_WARN_DOCUMENTATION_COMMENTS = YES;
				CLANG_WARN_EMPTY_BODY = YES;
				CLANG_WARN_ENUM_CONVERSION = YES;
				CLANG_WARN_INFINITE_RECURSION = YES;
				CLANG_WARN_INT_CONVERSION = YES;
				CLANG_WARN_NON_LITERAL_NULL_CONVERSION = YES;
				CLANG_WARN_OBJC_IMPLICIT_RETAIN_SELF = YES;
				CLANG_WARN_OBJC_LITERAL_CONVERSION = YES;
				CLANG_WARN_OBJC_ROOT_CLASS = YES_ERROR;
				CLANG_WARN_QUOTED_INCLUDE_IN_FRAMEWORK_HEADER = YES;
				CLANG_WARN_RANGE_LOOP_ANALYSIS = YES;
				CLANG_WARN_STRICT_PROTOTYPES = YES;
				CLANG_WARN_SUSPICIOUS_MOVE = YES;
				CLANG_WARN_UNGUARDED_AVAILABILITY = YES_AGGRESSIVE;
				CLANG_WARN_UNREACHABLE_CODE = YES;
				CLANG_WARN__DUPLICATE_METHOD_MATCH = YES;
				COPY_PHASE_STRIP = NO;
				DEBUG_INFORMATION_FORMAT = "dwarf-with-dsym";
				ENABLE_NS_ASSERTIONS = NO;
				ENABLE_STRICT_OBJC_MSGSEND = YES;
				ENABLE_USER_SCRIPT_SANDBOXING = YES;
				GCC_C_LANGUAGE_STANDARD = gnu11;
				GCC_NO_COMMON_BLOCKS = YES;
				GCC_WARN_64_TO_32_BIT_CONVERSION = YES;
				GCC_WARN_ABOUT_RETURN_TYPE = YES_ERROR;
				GCC_WARN_UNDECLARED_SELECTOR = YES;
				GCC_WARN_UNINITIALIZED_AUTOS = YES_AGGRESSIVE;
				GCC_WARN_UNUSED_FUNCTION = YES;
				GCC_WARN_UNUSED_VARIABLE = YES;
				IPHONEOS_DEPLOYMENT_TARGET = 16.2;
				MTL_ENABLE_DEBUG_INFO = NO;
				MTL_FAST_MATH = YES;
				SDKROOT = iphoneos;
				SWIFT_COMPILATION_MODE = wholemodule;
				SWIFT_OPTIMIZATION_LEVEL = "-O";
				VALIDATE_PRODUCT = YES;
			};
			name = Release;
		};
		FA10AA01296A755900FDF445 /* Debug */ = {
			isa = XCBuildConfiguration;
			buildSettings = {
				ASSETCATALOG_COMPILER_APPICON_NAME = AppIcon;
				ASSETCATALOG_COMPILER_GLOBAL_ACCENT_COLOR_NAME = AccentColor;
				CODE_SIGN_IDENTITY = "Apple Development";
				CODE_SIGN_STYLE = Automatic;
				CURRENT_PROJECT_VERSION = 1;
				DEVELOPMENT_ASSET_PATHS = "\"Movie List/Preview Content\"";
				DEVELOPMENT_TEAM = MQB3MHVNQQ;
				ENABLE_PREVIEWS = YES;
				GENERATE_INFOPLIST_FILE = YES;
				INFOPLIST_FILE = "Movie-List-Info.plist";
				INFOPLIST_KEY_UIApplicationSceneManifest_Generation = YES;
				INFOPLIST_KEY_UIApplicationSupportsIndirectInputEvents = YES;
				INFOPLIST_KEY_UILaunchScreen_Generation = YES;
				INFOPLIST_KEY_UISupportedInterfaceOrientations_iPad = "UIInterfaceOrientationPortrait UIInterfaceOrientationPortraitUpsideDown UIInterfaceOrientationLandscapeLeft UIInterfaceOrientationLandscapeRight";
				INFOPLIST_KEY_UISupportedInterfaceOrientations_iPhone = "UIInterfaceOrientationPortrait UIInterfaceOrientationLandscapeLeft UIInterfaceOrientationLandscapeRight";
				LD_RUNPATH_SEARCH_PATHS = (
					"$(inherited)",
					"@executable_path/Frameworks",
				);
				MARKETING_VERSION = 1.0;
				PRODUCT_BUNDLE_IDENTIFIER = "Theodor-Vasile.Movie-List";
				PRODUCT_NAME = "$(TARGET_NAME)";
				PROVISIONING_PROFILE_SPECIFIER = "";
				SWIFT_EMIT_LOC_STRINGS = YES;
				SWIFT_VERSION = 5.0;
				TARGETED_DEVICE_FAMILY = "1,2";
			};
			name = Debug;
		};
		FA10AA02296A755900FDF445 /* Release */ = {
			isa = XCBuildConfiguration;
			buildSettings = {
				ASSETCATALOG_COMPILER_APPICON_NAME = AppIcon;
				ASSETCATALOG_COMPILER_GLOBAL_ACCENT_COLOR_NAME = AccentColor;
				CODE_SIGN_IDENTITY = "Apple Development";
				CODE_SIGN_STYLE = Automatic;
				CURRENT_PROJECT_VERSION = 1;
				DEVELOPMENT_ASSET_PATHS = "\"Movie List/Preview Content\"";
				DEVELOPMENT_TEAM = MQB3MHVNQQ;
				ENABLE_PREVIEWS = YES;
				GENERATE_INFOPLIST_FILE = YES;
				INFOPLIST_FILE = "Movie-List-Info.plist";
				INFOPLIST_KEY_UIApplicationSceneManifest_Generation = YES;
				INFOPLIST_KEY_UIApplicationSupportsIndirectInputEvents = YES;
				INFOPLIST_KEY_UILaunchScreen_Generation = YES;
				INFOPLIST_KEY_UISupportedInterfaceOrientations_iPad = "UIInterfaceOrientationPortrait UIInterfaceOrientationPortraitUpsideDown UIInterfaceOrientationLandscapeLeft UIInterfaceOrientationLandscapeRight";
				INFOPLIST_KEY_UISupportedInterfaceOrientations_iPhone = "UIInterfaceOrientationPortrait UIInterfaceOrientationLandscapeLeft UIInterfaceOrientationLandscapeRight";
				LD_RUNPATH_SEARCH_PATHS = (
					"$(inherited)",
					"@executable_path/Frameworks",
				);
				MARKETING_VERSION = 1.0;
				PRODUCT_BUNDLE_IDENTIFIER = "Theodor-Vasile.Movie-List";
				PRODUCT_NAME = "$(TARGET_NAME)";
				PROVISIONING_PROFILE_SPECIFIER = "";
				SWIFT_EMIT_LOC_STRINGS = YES;
				SWIFT_VERSION = 5.0;
				TARGETED_DEVICE_FAMILY = "1,2";
			};
			name = Release;
		};
/* End XCBuildConfiguration section */

/* Begin XCConfigurationList section */
		FA10A9D7296A755800FDF445 /* Build configuration list for PBXProject "Movie List" */ = {
			isa = XCConfigurationList;
			buildConfigurations = (
				FA10A9FE296A755900FDF445 /* Debug */,
				FA10A9FF296A755900FDF445 /* Release */,
			);
			defaultConfigurationIsVisible = 0;
			defaultConfigurationName = Release;
		};
		FA10AA00296A755900FDF445 /* Build configuration list for PBXNativeTarget "Movie List" */ = {
			isa = XCConfigurationList;
			buildConfigurations = (
				FA10AA01296A755900FDF445 /* Debug */,
				FA10AA02296A755900FDF445 /* Release */,
			);
			defaultConfigurationIsVisible = 0;
			defaultConfigurationName = Release;
		};
/* End XCConfigurationList section */

/* Begin XCRemoteSwiftPackageReference section */
		FAE949F42D5542AD00592081 /* XCRemoteSwiftPackageReference "firebase-ios-sdk" */ = {
			isa = XCRemoteSwiftPackageReference;
			repositoryURL = "https://github.com/firebase/firebase-ios-sdk";
			requirement = {
				kind = upToNextMajorVersion;
				minimumVersion = 11.8.1;
			};
		};
		FAE949F72D5549C900592081 /* XCRemoteSwiftPackageReference "GoogleSignIn-iOS" */ = {
			isa = XCRemoteSwiftPackageReference;
			repositoryURL = "https://github.com/google/GoogleSignIn-iOS";
			requirement = {
				kind = upToNextMajorVersion;
				minimumVersion = 8.0.0;
			};
		};
		FAE9F51B2D30964300471C80 /* XCRemoteSwiftPackageReference "SQLite" */ = {
			isa = XCRemoteSwiftPackageReference;
			repositoryURL = "https://github.com/stephencelis/SQLite.swift";
			requirement = {
				kind = upToNextMajorVersion;
				minimumVersion = 0.15.3;
			};
		};
/* End XCRemoteSwiftPackageReference section */

/* Begin XCSwiftPackageProductDependency section */
		FAE949F52D5542AD00592081 /* FirebaseAnalytics */ = {
			isa = XCSwiftPackageProductDependency;
			package = FAE949F42D5542AD00592081 /* XCRemoteSwiftPackageReference "firebase-ios-sdk" */;
			productName = FirebaseAnalytics;
		};
		FAE949F82D5549C900592081 /* GoogleSignIn */ = {
			isa = XCSwiftPackageProductDependency;
			package = FAE949F72D5549C900592081 /* XCRemoteSwiftPackageReference "GoogleSignIn-iOS" */;
			productName = GoogleSignIn;
		};
		FAE949FA2D5549C900592081 /* GoogleSignInSwift */ = {
			isa = XCSwiftPackageProductDependency;
			package = FAE949F72D5549C900592081 /* XCRemoteSwiftPackageReference "GoogleSignIn-iOS" */;
			productName = GoogleSignInSwift;
		};
		FAE949FD2D554E3700592081 /* FirebaseAnalyticsOnDeviceConversion */ = {
			isa = XCSwiftPackageProductDependency;
			package = FAE949F42D5542AD00592081 /* XCRemoteSwiftPackageReference "firebase-ios-sdk" */;
			productName = FirebaseAnalyticsOnDeviceConversion;
		};
		FAE949FF2D554E3700592081 /* FirebaseAnalyticsWithoutAdIdSupport */ = {
			isa = XCSwiftPackageProductDependency;
			package = FAE949F42D5542AD00592081 /* XCRemoteSwiftPackageReference "firebase-ios-sdk" */;
			productName = FirebaseAnalyticsWithoutAdIdSupport;
		};
		FAE94A012D554E3700592081 /* FirebaseAppCheck */ = {
			isa = XCSwiftPackageProductDependency;
			package = FAE949F42D5542AD00592081 /* XCRemoteSwiftPackageReference "firebase-ios-sdk" */;
			productName = FirebaseAppCheck;
		};
		FAE94A032D554E3700592081 /* FirebaseAppDistribution-Beta */ = {
			isa = XCSwiftPackageProductDependency;
			package = FAE949F42D5542AD00592081 /* XCRemoteSwiftPackageReference "firebase-ios-sdk" */;
			productName = "FirebaseAppDistribution-Beta";
		};
		FAE94A052D554EBB00592081 /* FirebaseAuth */ = {
			isa = XCSwiftPackageProductDependency;
			package = FAE949F42D5542AD00592081 /* XCRemoteSwiftPackageReference "firebase-ios-sdk" */;
			productName = FirebaseAuth;
		};
		FAE94A0F2D55639A00592081 /* FirebaseCore */ = {
			isa = XCSwiftPackageProductDependency;
			package = FAE949F42D5542AD00592081 /* XCRemoteSwiftPackageReference "firebase-ios-sdk" */;
			productName = FirebaseCore;
		};
		FAE9F51C2D30966100471C80 /* SQLite */ = {
			isa = XCSwiftPackageProductDependency;
			package = FAE9F51B2D30964300471C80 /* XCRemoteSwiftPackageReference "SQLite" */;
			productName = SQLite;
		};
/* End XCSwiftPackageProductDependency section */

/* Begin XCVersionGroup section */
		FA01249A2BDE150800A1C13C /* MovieListModel.xcdatamodeld */ = {
			isa = XCVersionGroup;
			children = (
				FA01249B2BDE150800A1C13C /* Movie.xcdatamodel */,
			);
			currentVersion = FA01249B2BDE150800A1C13C /* Movie.xcdatamodel */;
			path = MovieListModel.xcdatamodeld;
			sourceTree = "<group>";
			versionGroupType = wrapper.xcdatamodel;
		};
/* End XCVersionGroup section */
	};
	rootObject = FA10A9D4296A755800FDF445 /* Project object */;
}
